// !$*UTF8*$!
{
	archiveVersion = 1;
	classes = {
	};
	objectVersion = 50;
	objects = {

/* Begin PBXBuildFile section */
		0DCC70F106A3DD03D1B5CA1F /* Pods_OneWorldRadioUITests.framework in Frameworks */ = {isa = PBXBuildFile; fileRef = 5EF507195B9CAFC627DF808C /* Pods_OneWorldRadioUITests.framework */; };
		67CA311557C0759C8CDC3F19 /* Pods_OneWorldRadioTests.framework in Frameworks */ = {isa = PBXBuildFile; fileRef = CDCA5104FECBB8A1FC0BC45C /* Pods_OneWorldRadioTests.framework */; };
		8742B8F8872B1147C06C40CF /* Pods_OneWorldRadio.framework in Frameworks */ = {isa = PBXBuildFile; fileRef = AA4195ABF5D01E3D26FED6AD /* Pods_OneWorldRadio.framework */; };
		D11A8573225E3C7700E6A94E /* LocalDataManager.swift in Sources */ = {isa = PBXBuildFile; fileRef = D11A8572225E3C7600E6A94E /* LocalDataManager.swift */; };
		D11A8575225E3D5600E6A94E /* ServiceSwicher.swift in Sources */ = {isa = PBXBuildFile; fileRef = D11A8574225E3D5600E6A94E /* ServiceSwicher.swift */; };
		D11A8579225F3B0000E6A94E /* RadioTrack.swift in Sources */ = {isa = PBXBuildFile; fileRef = D11A8578225F3B0000E6A94E /* RadioTrack.swift */; };
		D11A857B225F3BBE00E6A94E /* AnimationFrames.swift in Sources */ = {isa = PBXBuildFile; fileRef = D11A857A225F3BBE00E6A94E /* AnimationFrames.swift */; };
		D11A857D225F3D4C00E6A94E /* Radio.storyboard in Resources */ = {isa = PBXBuildFile; fileRef = D11A857C225F3D4C00E6A94E /* Radio.storyboard */; };
		D11A857F225F42AB00E6A94E /* SPNowPlayingViewController.swift in Sources */ = {isa = PBXBuildFile; fileRef = D11A857E225F42AB00E6A94E /* SPNowPlayingViewController.swift */; };
		D11A8581225F462300E6A94E /* SPRadioPlayer.swift in Sources */ = {isa = PBXBuildFile; fileRef = D11A8580225F462300E6A94E /* SPRadioPlayer.swift */; };
		D11A8583225F46DB00E6A94E /* ImageDownloader.swift in Sources */ = {isa = PBXBuildFile; fileRef = D11A8582225F46DB00E6A94E /* ImageDownloader.swift */; };
		D11A8587225F605400E6A94E /* RadioStation.swift in Sources */ = {isa = PBXBuildFile; fileRef = D11A8586225F605400E6A94E /* RadioStation.swift */; };
		D129E52F2261670800F4369D /* TrueRadioCategory.swift in Sources */ = {isa = PBXBuildFile; fileRef = D129E52E2261670800F4369D /* TrueRadioCategory.swift */; };
		D142900B226312E800062222 /* Persistable.swift in Sources */ = {isa = PBXBuildFile; fileRef = D1429008226312E800062222 /* Persistable.swift */; };
		D142900C226312E800062222 /* RealmDataPersistence.swift in Sources */ = {isa = PBXBuildFile; fileRef = D1429009226312E800062222 /* RealmDataPersistence.swift */; };
		D142900D226312E800062222 /* DataSourceable.swift in Sources */ = {isa = PBXBuildFile; fileRef = D142900A226312E800062222 /* DataSourceable.swift */; };
		D142900F226313CF00062222 /* RRadionStation.swift in Sources */ = {isa = PBXBuildFile; fileRef = D142900E226313CF00062222 /* RRadionStation.swift */; };
		D169DF68225B1DF900410779 /* AppDelegate.swift in Sources */ = {isa = PBXBuildFile; fileRef = D169DF67225B1DF900410779 /* AppDelegate.swift */; };
		D169DF6D225B1DF900410779 /* Main.storyboard in Resources */ = {isa = PBXBuildFile; fileRef = D169DF6B225B1DF900410779 /* Main.storyboard */; };
		D169DF6F225B1DF900410779 /* Assets.xcassets in Resources */ = {isa = PBXBuildFile; fileRef = D169DF6E225B1DF900410779 /* Assets.xcassets */; };
		D169DF72225B1DF900410779 /* LaunchScreen.storyboard in Resources */ = {isa = PBXBuildFile; fileRef = D169DF70225B1DF900410779 /* LaunchScreen.storyboard */; };
		D169DF7D225B1DFA00410779 /* OneWorldRadioTests.swift in Sources */ = {isa = PBXBuildFile; fileRef = D169DF7C225B1DFA00410779 /* OneWorldRadioTests.swift */; };
		D169DF88225B1DFA00410779 /* OneWorldRadioUITests.swift in Sources */ = {isa = PBXBuildFile; fileRef = D169DF87225B1DFA00410779 /* OneWorldRadioUITests.swift */; };
		D169E072225B205200410779 /* uk.json in Resources */ = {isa = PBXBuildFile; fileRef = D169DFE2225B204C00410779 /* uk.json */; };
		D169E0B0225B205200410779 /* usa.json in Resources */ = {isa = PBXBuildFile; fileRef = D169E020225B205100410779 /* usa.json */; };
		D169E1A0225B32EF00410779 /* UIImage+Extension.swift in Sources */ = {isa = PBXBuildFile; fileRef = D169E19C225B32EF00410779 /* UIImage+Extension.swift */; };
		D169E1A1225B32EF00410779 /* UIAlertAction+Extension.swift in Sources */ = {isa = PBXBuildFile; fileRef = D169E19D225B32EF00410779 /* UIAlertAction+Extension.swift */; };
		D169E1A2225B32EF00410779 /* CustomizableAlertController.swift in Sources */ = {isa = PBXBuildFile; fileRef = D169E19E225B32EF00410779 /* CustomizableAlertController.swift */; };
		D169E1A3225B32EF00410779 /* FlexiblePageControl.swift in Sources */ = {isa = PBXBuildFile; fileRef = D169E19F225B32EF00410779 /* FlexiblePageControl.swift */; };
		D169E1A9225B32F800410779 /* AdaptableCollectionViewLayout.swift in Sources */ = {isa = PBXBuildFile; fileRef = D169E1A5225B32F800410779 /* AdaptableCollectionViewLayout.swift */; };
		D169E1AA225B32F800410779 /* CollectionViewLayoutBacker.swift in Sources */ = {isa = PBXBuildFile; fileRef = D169E1A6225B32F800410779 /* CollectionViewLayoutBacker.swift */; };
		D169E1AB225B32F800410779 /* Dynamik.swift in Sources */ = {isa = PBXBuildFile; fileRef = D169E1A8225B32F800410779 /* Dynamik.swift */; };
		D169E1B2225B330D00410779 /* LayoutManager.swift in Sources */ = {isa = PBXBuildFile; fileRef = D169E1B1225B330D00410779 /* LayoutManager.swift */; };
		D169E1CF225B331100410779 /* UIActivity+Extensions.swift in Sources */ = {isa = PBXBuildFile; fileRef = D169E1B5225B331100410779 /* UIActivity+Extensions.swift */; };
		D169E1D0225B331100410779 /* UISegmentedControl+Extensions.swift in Sources */ = {isa = PBXBuildFile; fileRef = D169E1B6225B331100410779 /* UISegmentedControl+Extensions.swift */; };
		D169E1D1225B331100410779 /* UIImageView+Extensions.swift in Sources */ = {isa = PBXBuildFile; fileRef = D169E1B7225B331100410779 /* UIImageView+Extensions.swift */; };
		D169E1D2225B331100410779 /* UIViewController+Extensions.swift in Sources */ = {isa = PBXBuildFile; fileRef = D169E1B8225B331100410779 /* UIViewController+Extensions.swift */; };
		D169E1D3225B331100410779 /* UIButton+Extensions.swift in Sources */ = {isa = PBXBuildFile; fileRef = D169E1B9225B331100410779 /* UIButton+Extensions.swift */; };
		D169E1D4225B331100410779 /* UIView+Extensions.swift in Sources */ = {isa = PBXBuildFile; fileRef = D169E1BA225B331100410779 /* UIView+Extensions.swift */; };
		D169E1D5225B331100410779 /* String+Extensions.swift in Sources */ = {isa = PBXBuildFile; fileRef = D169E1BB225B331100410779 /* String+Extensions.swift */; };
		D169E1D6225B331100410779 /* UIEdgeInsets+Extensions.swift in Sources */ = {isa = PBXBuildFile; fileRef = D169E1BC225B331100410779 /* UIEdgeInsets+Extensions.swift */; };
		D169E1D7225B331100410779 /* UITextView+Extensions.swift in Sources */ = {isa = PBXBuildFile; fileRef = D169E1BD225B331100410779 /* UITextView+Extensions.swift */; };
		D169E1D8225B331100410779 /* UIColor+Extensions.swift in Sources */ = {isa = PBXBuildFile; fileRef = D169E1BE225B331100410779 /* UIColor+Extensions.swift */; };
		D169E1D9225B331100410779 /* UIImage+Extensions.swift in Sources */ = {isa = PBXBuildFile; fileRef = D169E1BF225B331100410779 /* UIImage+Extensions.swift */; };
		D169E1DA225B331100410779 /* UISearchBar+Extensions.swift in Sources */ = {isa = PBXBuildFile; fileRef = D169E1C0225B331100410779 /* UISearchBar+Extensions.swift */; };
		D169E1DB225B331100410779 /* Dispatch+Extensions.swift in Sources */ = {isa = PBXBuildFile; fileRef = D169E1C1225B331100410779 /* Dispatch+Extensions.swift */; };
		D169E1DC225B331100410779 /* UIAlertController+Extensions.swift in Sources */ = {isa = PBXBuildFile; fileRef = D169E1C2225B331100410779 /* UIAlertController+Extensions.swift */; };
		D169E1DD225B331100410779 /* NSAttributedString+Extensions.swift in Sources */ = {isa = PBXBuildFile; fileRef = D169E1C3225B331100410779 /* NSAttributedString+Extensions.swift */; };
		D169E1DE225B331100410779 /* Int +Extensions.swift in Sources */ = {isa = PBXBuildFile; fileRef = D169E1C4225B331100410779 /* Int +Extensions.swift */; };
		D169E1DF225B331100410779 /* UIStoryBoard+Extensions.swift in Sources */ = {isa = PBXBuildFile; fileRef = D169E1C5225B331100410779 /* UIStoryBoard+Extensions.swift */; };
		D169E1E0225B331100410779 /* UserDefaults+Extension.swift in Sources */ = {isa = PBXBuildFile; fileRef = D169E1C6225B331100410779 /* UserDefaults+Extension.swift */; };
		D169E1E1225B331100410779 /* UITableView+Extensions.swift in Sources */ = {isa = PBXBuildFile; fileRef = D169E1C7225B331100410779 /* UITableView+Extensions.swift */; };
		D169E1E2225B331100410779 /* URL+Extensions.swift in Sources */ = {isa = PBXBuildFile; fileRef = D169E1C8225B331100410779 /* URL+Extensions.swift */; };
		D169E1E3225B331100410779 /* UILabel+Extensions.swift in Sources */ = {isa = PBXBuildFile; fileRef = D169E1C9225B331100410779 /* UILabel+Extensions.swift */; };
		D169E1E4225B331100410779 /* Date+Extensions.swift in Sources */ = {isa = PBXBuildFile; fileRef = D169E1CA225B331100410779 /* Date+Extensions.swift */; };
		D169E1E5225B331100410779 /* UILayoutPriority+Extensions.swift in Sources */ = {isa = PBXBuildFile; fileRef = D169E1CB225B331100410779 /* UILayoutPriority+Extensions.swift */; };
		D169E1E6225B331100410779 /* UICollectionView+Extensions.swift in Sources */ = {isa = PBXBuildFile; fileRef = D169E1CC225B331100410779 /* UICollectionView+Extensions.swift */; };
		D169E1E7225B331100410779 /* UITextField+Extensions.swift in Sources */ = {isa = PBXBuildFile; fileRef = D169E1CD225B331100410779 /* UITextField+Extensions.swift */; };
		D169E1EB225B331600410779 /* SPGlobals.swift in Sources */ = {isa = PBXBuildFile; fileRef = D169E1E9225B331600410779 /* SPGlobals.swift */; };
		D169E1EC225B331600410779 /* SPConstants.swift in Sources */ = {isa = PBXBuildFile; fileRef = D169E1EA225B331600410779 /* SPConstants.swift */; };
		D169E20A225B332200410779 /* ViewModelable.swift in Sources */ = {isa = PBXBuildFile; fileRef = D169E209225B332200410779 /* ViewModelable.swift */; };
		D169E226225B332700410779 /* SimpleLabelView.xib in Resources */ = {isa = PBXBuildFile; fileRef = D169E20D225B332700410779 /* SimpleLabelView.xib */; };
		D169E229225B332700410779 /* CardView.swift in Sources */ = {isa = PBXBuildFile; fileRef = D169E210225B332700410779 /* CardView.swift */; };
		D169E22A225B332700410779 /* OneLableOneButtonView.xib in Resources */ = {isa = PBXBuildFile; fileRef = D169E211225B332700410779 /* OneLableOneButtonView.xib */; };
		D169E22B225B332700410779 /* SimpleLableView.swift in Sources */ = {isa = PBXBuildFile; fileRef = D169E212225B332700410779 /* SimpleLableView.swift */; };
		D169E22D225B332700410779 /* OneLabelOneButtonView.swift in Sources */ = {isa = PBXBuildFile; fileRef = D169E214225B332700410779 /* OneLabelOneButtonView.swift */; };
		D169E22F225B332700410779 /* NewsView.swift in Sources */ = {isa = PBXBuildFile; fileRef = D169E216225B332700410779 /* NewsView.swift */; };
		D169E233225B332700410779 /* HomeCollectionViewCell.swift in Sources */ = {isa = PBXBuildFile; fileRef = D169E21A225B332700410779 /* HomeCollectionViewCell.swift */; };
		D169E239225B332700410779 /* CardView.xib in Resources */ = {isa = PBXBuildFile; fileRef = D169E220225B332700410779 /* CardView.xib */; };
		D169E23B225B332700410779 /* NewsView.xib in Resources */ = {isa = PBXBuildFile; fileRef = D169E222225B332700410779 /* NewsView.xib */; };
		D169E248225B332F00410779 /* AppColor.swift in Sources */ = {isa = PBXBuildFile; fileRef = D169E243225B332F00410779 /* AppColor.swift */; };
		D169E24E225B333400410779 /* SPHomeViewModel.swift in Sources */ = {isa = PBXBuildFile; fileRef = D169E24A225B333300410779 /* SPHomeViewModel.swift */; };
		D169E24F225B333400410779 /* SPSearchViewModel.swift in Sources */ = {isa = PBXBuildFile; fileRef = D169E24B225B333300410779 /* SPSearchViewModel.swift */; };
		D169E250225B333400410779 /* SPMyCollectionViewModel.swift in Sources */ = {isa = PBXBuildFile; fileRef = D169E24C225B333300410779 /* SPMyCollectionViewModel.swift */; };
		D169E258225B333800410779 /* SPHomeViewController.swift in Sources */ = {isa = PBXBuildFile; fileRef = D169E253225B333800410779 /* SPHomeViewController.swift */; };
		D169E259225B333800410779 /* StartScreenViewController.swift in Sources */ = {isa = PBXBuildFile; fileRef = D169E254225B333800410779 /* StartScreenViewController.swift */; };
		D169E25A225B333800410779 /* SPSearchViewController.swift in Sources */ = {isa = PBXBuildFile; fileRef = D169E255225B333800410779 /* SPSearchViewController.swift */; };
		D169E25B225B333800410779 /* SPMyCollectionViewController.swift in Sources */ = {isa = PBXBuildFile; fileRef = D169E256225B333800410779 /* SPMyCollectionViewController.swift */; };
		D169E267225B334300410779 /* SF-Pro-Text-Heavy.otf in Resources */ = {isa = PBXBuildFile; fileRef = D169E25E225B334200410779 /* SF-Pro-Text-Heavy.otf */; };
		D169E268225B334300410779 /* SF-Pro-Display-Light.otf in Resources */ = {isa = PBXBuildFile; fileRef = D169E25F225B334200410779 /* SF-Pro-Display-Light.otf */; };
		D169E269225B334300410779 /* SF-Pro-Display-Regular.otf in Resources */ = {isa = PBXBuildFile; fileRef = D169E260225B334200410779 /* SF-Pro-Display-Regular.otf */; };
		D169E26A225B334300410779 /* SF-Pro-Display-Medium.otf in Resources */ = {isa = PBXBuildFile; fileRef = D169E261225B334200410779 /* SF-Pro-Display-Medium.otf */; };
		D169E26B225B334300410779 /* SF-Pro-Display-Heavy.otf in Resources */ = {isa = PBXBuildFile; fileRef = D169E262225B334200410779 /* SF-Pro-Display-Heavy.otf */; };
		D169E26C225B334300410779 /* SF-Pro-Text-Light.otf in Resources */ = {isa = PBXBuildFile; fileRef = D169E263225B334200410779 /* SF-Pro-Text-Light.otf */; };
		D169E26D225B334300410779 /* SF-Pro-Text-Regular.otf in Resources */ = {isa = PBXBuildFile; fileRef = D169E264225B334200410779 /* SF-Pro-Text-Regular.otf */; };
		D169E26E225B334300410779 /* SF-Pro-Text-Bold.otf in Resources */ = {isa = PBXBuildFile; fileRef = D169E265225B334200410779 /* SF-Pro-Text-Bold.otf */; };
		D169E26F225B334300410779 /* SF-Pro-Text-Medium.otf in Resources */ = {isa = PBXBuildFile; fileRef = D169E266225B334300410779 /* SF-Pro-Text-Medium.otf */; };
		D169E274225B380B00410779 /* AppError.swift in Sources */ = {isa = PBXBuildFile; fileRef = D169E273225B380B00410779 /* AppError.swift */; };
		D169E277225C854100410779 /* NewsViewReuse.swift in Sources */ = {isa = PBXBuildFile; fileRef = D169E275225C854100410779 /* NewsViewReuse.swift */; };
		D169E27A225C965400410779 /* NewsViewReuse.xib in Resources */ = {isa = PBXBuildFile; fileRef = D169E279225C8A5400410779 /* NewsViewReuse.xib */; };
		D169E27D225E1E7C00410779 /* StationCollectionViewCell.swift in Sources */ = {isa = PBXBuildFile; fileRef = D169E27B225E1E7B00410779 /* StationCollectionViewCell.swift */; };
		D169E27E225E1E7C00410779 /* StationCollectionViewCell.xib in Resources */ = {isa = PBXBuildFile; fileRef = D169E27C225E1E7B00410779 /* StationCollectionViewCell.xib */; };
		D17EC938227EA8380026E439 /* ButtonCollectionCell.swift in Sources */ = {isa = PBXBuildFile; fileRef = D17EC936227EA8380026E439 /* ButtonCollectionCell.swift */; };
		D17EC939227EA8380026E439 /* ButtonCollectionCell.xib in Resources */ = {isa = PBXBuildFile; fileRef = D17EC937227EA8380026E439 /* ButtonCollectionCell.xib */; };
/* End PBXBuildFile section */

/* Begin PBXContainerItemProxy section */
		D169DF79225B1DFA00410779 /* PBXContainerItemProxy */ = {
			isa = PBXContainerItemProxy;
			containerPortal = D169DF5C225B1DF900410779 /* Project object */;
			proxyType = 1;
			remoteGlobalIDString = D169DF63225B1DF900410779;
			remoteInfo = OneWorldRadio;
		};
		D169DF84225B1DFA00410779 /* PBXContainerItemProxy */ = {
			isa = PBXContainerItemProxy;
			containerPortal = D169DF5C225B1DF900410779 /* Project object */;
			proxyType = 1;
			remoteGlobalIDString = D169DF63225B1DF900410779;
			remoteInfo = OneWorldRadio;
		};
/* End PBXContainerItemProxy section */

/* Begin PBXFileReference section */
		136B0468C36D8E5D31BC7AF7 /* Pods-OneWorldRadioUITests.release.xcconfig */ = {isa = PBXFileReference; includeInIndex = 1; lastKnownFileType = text.xcconfig; name = "Pods-OneWorldRadioUITests.release.xcconfig"; path = "Pods/Target Support Files/Pods-OneWorldRadioUITests/Pods-OneWorldRadioUITests.release.xcconfig"; sourceTree = "<group>"; };
		37853FDA3B2115EE938B0EFD /* Pods-OneWorldRadio.debug.xcconfig */ = {isa = PBXFileReference; includeInIndex = 1; lastKnownFileType = text.xcconfig; name = "Pods-OneWorldRadio.debug.xcconfig"; path = "Pods/Target Support Files/Pods-OneWorldRadio/Pods-OneWorldRadio.debug.xcconfig"; sourceTree = "<group>"; };
		44CAAC7D074C3169DB1C8EA6 /* Pods-OneWorldRadioUITests.debug.xcconfig */ = {isa = PBXFileReference; includeInIndex = 1; lastKnownFileType = text.xcconfig; name = "Pods-OneWorldRadioUITests.debug.xcconfig"; path = "Pods/Target Support Files/Pods-OneWorldRadioUITests/Pods-OneWorldRadioUITests.debug.xcconfig"; sourceTree = "<group>"; };
		59D772301580F6AAD17D82B3 /* Pods-OneWorldRadioTests.debug.xcconfig */ = {isa = PBXFileReference; includeInIndex = 1; lastKnownFileType = text.xcconfig; name = "Pods-OneWorldRadioTests.debug.xcconfig"; path = "Pods/Target Support Files/Pods-OneWorldRadioTests/Pods-OneWorldRadioTests.debug.xcconfig"; sourceTree = "<group>"; };
		5EF507195B9CAFC627DF808C /* Pods_OneWorldRadioUITests.framework */ = {isa = PBXFileReference; explicitFileType = wrapper.framework; includeInIndex = 0; path = Pods_OneWorldRadioUITests.framework; sourceTree = BUILT_PRODUCTS_DIR; };
		AA4195ABF5D01E3D26FED6AD /* Pods_OneWorldRadio.framework */ = {isa = PBXFileReference; explicitFileType = wrapper.framework; includeInIndex = 0; path = Pods_OneWorldRadio.framework; sourceTree = BUILT_PRODUCTS_DIR; };
		BFBBA0A7A960E0D7BC6F0A4F /* Pods-OneWorldRadioTests.release.xcconfig */ = {isa = PBXFileReference; includeInIndex = 1; lastKnownFileType = text.xcconfig; name = "Pods-OneWorldRadioTests.release.xcconfig"; path = "Pods/Target Support Files/Pods-OneWorldRadioTests/Pods-OneWorldRadioTests.release.xcconfig"; sourceTree = "<group>"; };
		CDCA5104FECBB8A1FC0BC45C /* Pods_OneWorldRadioTests.framework */ = {isa = PBXFileReference; explicitFileType = wrapper.framework; includeInIndex = 0; path = Pods_OneWorldRadioTests.framework; sourceTree = BUILT_PRODUCTS_DIR; };
		D11A8572225E3C7600E6A94E /* LocalDataManager.swift */ = {isa = PBXFileReference; fileEncoding = 4; lastKnownFileType = sourcecode.swift; path = LocalDataManager.swift; sourceTree = "<group>"; };
		D11A8574225E3D5600E6A94E /* ServiceSwicher.swift */ = {isa = PBXFileReference; lastKnownFileType = sourcecode.swift; path = ServiceSwicher.swift; sourceTree = "<group>"; };
		D11A8578225F3B0000E6A94E /* RadioTrack.swift */ = {isa = PBXFileReference; lastKnownFileType = sourcecode.swift; path = RadioTrack.swift; sourceTree = "<group>"; };
		D11A857A225F3BBE00E6A94E /* AnimationFrames.swift */ = {isa = PBXFileReference; fileEncoding = 4; lastKnownFileType = sourcecode.swift; path = AnimationFrames.swift; sourceTree = "<group>"; };
		D11A857C225F3D4C00E6A94E /* Radio.storyboard */ = {isa = PBXFileReference; lastKnownFileType = file.storyboard; path = Radio.storyboard; sourceTree = "<group>"; };
		D11A857E225F42AB00E6A94E /* SPNowPlayingViewController.swift */ = {isa = PBXFileReference; lastKnownFileType = sourcecode.swift; path = SPNowPlayingViewController.swift; sourceTree = "<group>"; };
		D11A8580225F462300E6A94E /* SPRadioPlayer.swift */ = {isa = PBXFileReference; lastKnownFileType = sourcecode.swift; path = SPRadioPlayer.swift; sourceTree = "<group>"; };
		D11A8582225F46DB00E6A94E /* ImageDownloader.swift */ = {isa = PBXFileReference; lastKnownFileType = sourcecode.swift; path = ImageDownloader.swift; sourceTree = "<group>"; };
		D11A8586225F605400E6A94E /* RadioStation.swift */ = {isa = PBXFileReference; lastKnownFileType = sourcecode.swift; path = RadioStation.swift; sourceTree = "<group>"; };
		D129E52E2261670800F4369D /* TrueRadioCategory.swift */ = {isa = PBXFileReference; lastKnownFileType = sourcecode.swift; path = TrueRadioCategory.swift; sourceTree = "<group>"; };
		D1429008226312E800062222 /* Persistable.swift */ = {isa = PBXFileReference; fileEncoding = 4; lastKnownFileType = sourcecode.swift; path = Persistable.swift; sourceTree = "<group>"; };
		D1429009226312E800062222 /* RealmDataPersistence.swift */ = {isa = PBXFileReference; fileEncoding = 4; lastKnownFileType = sourcecode.swift; path = RealmDataPersistence.swift; sourceTree = "<group>"; };
		D142900A226312E800062222 /* DataSourceable.swift */ = {isa = PBXFileReference; fileEncoding = 4; lastKnownFileType = sourcecode.swift; path = DataSourceable.swift; sourceTree = "<group>"; };
		D142900E226313CF00062222 /* RRadionStation.swift */ = {isa = PBXFileReference; lastKnownFileType = sourcecode.swift; path = RRadionStation.swift; sourceTree = "<group>"; };
		D169DF64225B1DF900410779 /* OneWorldRadio.app */ = {isa = PBXFileReference; explicitFileType = wrapper.application; includeInIndex = 0; path = OneWorldRadio.app; sourceTree = BUILT_PRODUCTS_DIR; };
		D169DF67225B1DF900410779 /* AppDelegate.swift */ = {isa = PBXFileReference; lastKnownFileType = sourcecode.swift; path = AppDelegate.swift; sourceTree = "<group>"; };
		D169DF6C225B1DF900410779 /* Base */ = {isa = PBXFileReference; lastKnownFileType = file.storyboard; name = Base; path = Base.lproj/Main.storyboard; sourceTree = "<group>"; };
		D169DF6E225B1DF900410779 /* Assets.xcassets */ = {isa = PBXFileReference; lastKnownFileType = folder.assetcatalog; path = Assets.xcassets; sourceTree = "<group>"; };
		D169DF71225B1DF900410779 /* Base */ = {isa = PBXFileReference; lastKnownFileType = file.storyboard; name = Base; path = Base.lproj/LaunchScreen.storyboard; sourceTree = "<group>"; };
		D169DF73225B1DF900410779 /* Info.plist */ = {isa = PBXFileReference; lastKnownFileType = text.plist.xml; path = Info.plist; sourceTree = "<group>"; };
		D169DF78225B1DFA00410779 /* OneWorldRadioTests.xctest */ = {isa = PBXFileReference; explicitFileType = wrapper.cfbundle; includeInIndex = 0; path = OneWorldRadioTests.xctest; sourceTree = BUILT_PRODUCTS_DIR; };
		D169DF7C225B1DFA00410779 /* OneWorldRadioTests.swift */ = {isa = PBXFileReference; lastKnownFileType = sourcecode.swift; path = OneWorldRadioTests.swift; sourceTree = "<group>"; };
		D169DF7E225B1DFA00410779 /* Info.plist */ = {isa = PBXFileReference; lastKnownFileType = text.plist.xml; path = Info.plist; sourceTree = "<group>"; };
		D169DF83225B1DFA00410779 /* OneWorldRadioUITests.xctest */ = {isa = PBXFileReference; explicitFileType = wrapper.cfbundle; includeInIndex = 0; path = OneWorldRadioUITests.xctest; sourceTree = BUILT_PRODUCTS_DIR; };
		D169DF87225B1DFA00410779 /* OneWorldRadioUITests.swift */ = {isa = PBXFileReference; lastKnownFileType = sourcecode.swift; path = OneWorldRadioUITests.swift; sourceTree = "<group>"; };
		D169DF89225B1DFA00410779 /* Info.plist */ = {isa = PBXFileReference; lastKnownFileType = text.plist.xml; path = Info.plist; sourceTree = "<group>"; };
		D169DFE2225B204C00410779 /* uk.json */ = {isa = PBXFileReference; fileEncoding = 4; lastKnownFileType = text.json; path = uk.json; sourceTree = "<group>"; };
		D169E020225B205100410779 /* usa.json */ = {isa = PBXFileReference; fileEncoding = 4; lastKnownFileType = text.json; path = usa.json; sourceTree = "<group>"; };
		D169E19C225B32EF00410779 /* UIImage+Extension.swift */ = {isa = PBXFileReference; fileEncoding = 4; lastKnownFileType = sourcecode.swift; path = "UIImage+Extension.swift"; sourceTree = "<group>"; };
		D169E19D225B32EF00410779 /* UIAlertAction+Extension.swift */ = {isa = PBXFileReference; fileEncoding = 4; lastKnownFileType = sourcecode.swift; path = "UIAlertAction+Extension.swift"; sourceTree = "<group>"; };
		D169E19E225B32EF00410779 /* CustomizableAlertController.swift */ = {isa = PBXFileReference; fileEncoding = 4; lastKnownFileType = sourcecode.swift; path = CustomizableAlertController.swift; sourceTree = "<group>"; };
		D169E19F225B32EF00410779 /* FlexiblePageControl.swift */ = {isa = PBXFileReference; fileEncoding = 4; lastKnownFileType = sourcecode.swift; path = FlexiblePageControl.swift; sourceTree = "<group>"; };
		D169E1A5225B32F800410779 /* AdaptableCollectionViewLayout.swift */ = {isa = PBXFileReference; fileEncoding = 4; lastKnownFileType = sourcecode.swift; path = AdaptableCollectionViewLayout.swift; sourceTree = "<group>"; };
		D169E1A6225B32F800410779 /* CollectionViewLayoutBacker.swift */ = {isa = PBXFileReference; fileEncoding = 4; lastKnownFileType = sourcecode.swift; path = CollectionViewLayoutBacker.swift; sourceTree = "<group>"; };
		D169E1A8225B32F800410779 /* Dynamik.swift */ = {isa = PBXFileReference; fileEncoding = 4; lastKnownFileType = sourcecode.swift; path = Dynamik.swift; sourceTree = "<group>"; };
		D169E1B1225B330D00410779 /* LayoutManager.swift */ = {isa = PBXFileReference; fileEncoding = 4; lastKnownFileType = sourcecode.swift; path = LayoutManager.swift; sourceTree = "<group>"; };
		D169E1B5225B331100410779 /* UIActivity+Extensions.swift */ = {isa = PBXFileReference; fileEncoding = 4; lastKnownFileType = sourcecode.swift; path = "UIActivity+Extensions.swift"; sourceTree = "<group>"; };
		D169E1B6225B331100410779 /* UISegmentedControl+Extensions.swift */ = {isa = PBXFileReference; fileEncoding = 4; lastKnownFileType = sourcecode.swift; path = "UISegmentedControl+Extensions.swift"; sourceTree = "<group>"; };
		D169E1B7225B331100410779 /* UIImageView+Extensions.swift */ = {isa = PBXFileReference; fileEncoding = 4; lastKnownFileType = sourcecode.swift; path = "UIImageView+Extensions.swift"; sourceTree = "<group>"; };
		D169E1B8225B331100410779 /* UIViewController+Extensions.swift */ = {isa = PBXFileReference; fileEncoding = 4; lastKnownFileType = sourcecode.swift; path = "UIViewController+Extensions.swift"; sourceTree = "<group>"; };
		D169E1B9225B331100410779 /* UIButton+Extensions.swift */ = {isa = PBXFileReference; fileEncoding = 4; lastKnownFileType = sourcecode.swift; path = "UIButton+Extensions.swift"; sourceTree = "<group>"; };
		D169E1BA225B331100410779 /* UIView+Extensions.swift */ = {isa = PBXFileReference; fileEncoding = 4; lastKnownFileType = sourcecode.swift; path = "UIView+Extensions.swift"; sourceTree = "<group>"; };
		D169E1BB225B331100410779 /* String+Extensions.swift */ = {isa = PBXFileReference; fileEncoding = 4; lastKnownFileType = sourcecode.swift; path = "String+Extensions.swift"; sourceTree = "<group>"; };
		D169E1BC225B331100410779 /* UIEdgeInsets+Extensions.swift */ = {isa = PBXFileReference; fileEncoding = 4; lastKnownFileType = sourcecode.swift; path = "UIEdgeInsets+Extensions.swift"; sourceTree = "<group>"; };
		D169E1BD225B331100410779 /* UITextView+Extensions.swift */ = {isa = PBXFileReference; fileEncoding = 4; lastKnownFileType = sourcecode.swift; path = "UITextView+Extensions.swift"; sourceTree = "<group>"; };
		D169E1BE225B331100410779 /* UIColor+Extensions.swift */ = {isa = PBXFileReference; fileEncoding = 4; lastKnownFileType = sourcecode.swift; path = "UIColor+Extensions.swift"; sourceTree = "<group>"; };
		D169E1BF225B331100410779 /* UIImage+Extensions.swift */ = {isa = PBXFileReference; fileEncoding = 4; lastKnownFileType = sourcecode.swift; path = "UIImage+Extensions.swift"; sourceTree = "<group>"; };
		D169E1C0225B331100410779 /* UISearchBar+Extensions.swift */ = {isa = PBXFileReference; fileEncoding = 4; lastKnownFileType = sourcecode.swift; path = "UISearchBar+Extensions.swift"; sourceTree = "<group>"; };
		D169E1C1225B331100410779 /* Dispatch+Extensions.swift */ = {isa = PBXFileReference; fileEncoding = 4; lastKnownFileType = sourcecode.swift; path = "Dispatch+Extensions.swift"; sourceTree = "<group>"; };
		D169E1C2225B331100410779 /* UIAlertController+Extensions.swift */ = {isa = PBXFileReference; fileEncoding = 4; lastKnownFileType = sourcecode.swift; path = "UIAlertController+Extensions.swift"; sourceTree = "<group>"; };
		D169E1C3225B331100410779 /* NSAttributedString+Extensions.swift */ = {isa = PBXFileReference; fileEncoding = 4; lastKnownFileType = sourcecode.swift; path = "NSAttributedString+Extensions.swift"; sourceTree = "<group>"; };
		D169E1C4225B331100410779 /* Int +Extensions.swift */ = {isa = PBXFileReference; fileEncoding = 4; lastKnownFileType = sourcecode.swift; path = "Int +Extensions.swift"; sourceTree = "<group>"; };
		D169E1C5225B331100410779 /* UIStoryBoard+Extensions.swift */ = {isa = PBXFileReference; fileEncoding = 4; lastKnownFileType = sourcecode.swift; path = "UIStoryBoard+Extensions.swift"; sourceTree = "<group>"; };
		D169E1C6225B331100410779 /* UserDefaults+Extension.swift */ = {isa = PBXFileReference; fileEncoding = 4; lastKnownFileType = sourcecode.swift; path = "UserDefaults+Extension.swift"; sourceTree = "<group>"; };
		D169E1C7225B331100410779 /* UITableView+Extensions.swift */ = {isa = PBXFileReference; fileEncoding = 4; lastKnownFileType = sourcecode.swift; path = "UITableView+Extensions.swift"; sourceTree = "<group>"; };
		D169E1C8225B331100410779 /* URL+Extensions.swift */ = {isa = PBXFileReference; fileEncoding = 4; lastKnownFileType = sourcecode.swift; path = "URL+Extensions.swift"; sourceTree = "<group>"; };
		D169E1C9225B331100410779 /* UILabel+Extensions.swift */ = {isa = PBXFileReference; fileEncoding = 4; lastKnownFileType = sourcecode.swift; path = "UILabel+Extensions.swift"; sourceTree = "<group>"; };
		D169E1CA225B331100410779 /* Date+Extensions.swift */ = {isa = PBXFileReference; fileEncoding = 4; lastKnownFileType = sourcecode.swift; path = "Date+Extensions.swift"; sourceTree = "<group>"; };
		D169E1CB225B331100410779 /* UILayoutPriority+Extensions.swift */ = {isa = PBXFileReference; fileEncoding = 4; lastKnownFileType = sourcecode.swift; path = "UILayoutPriority+Extensions.swift"; sourceTree = "<group>"; };
		D169E1CC225B331100410779 /* UICollectionView+Extensions.swift */ = {isa = PBXFileReference; fileEncoding = 4; lastKnownFileType = sourcecode.swift; path = "UICollectionView+Extensions.swift"; sourceTree = "<group>"; };
		D169E1CD225B331100410779 /* UITextField+Extensions.swift */ = {isa = PBXFileReference; fileEncoding = 4; lastKnownFileType = sourcecode.swift; path = "UITextField+Extensions.swift"; sourceTree = "<group>"; };
		D169E1E9225B331600410779 /* SPGlobals.swift */ = {isa = PBXFileReference; fileEncoding = 4; lastKnownFileType = sourcecode.swift; path = SPGlobals.swift; sourceTree = "<group>"; };
		D169E1EA225B331600410779 /* SPConstants.swift */ = {isa = PBXFileReference; fileEncoding = 4; lastKnownFileType = sourcecode.swift; path = SPConstants.swift; sourceTree = "<group>"; };
		D169E209225B332200410779 /* ViewModelable.swift */ = {isa = PBXFileReference; fileEncoding = 4; lastKnownFileType = sourcecode.swift; path = ViewModelable.swift; sourceTree = "<group>"; };
		D169E20D225B332700410779 /* SimpleLabelView.xib */ = {isa = PBXFileReference; fileEncoding = 4; lastKnownFileType = file.xib; path = SimpleLabelView.xib; sourceTree = "<group>"; };
		D169E210225B332700410779 /* CardView.swift */ = {isa = PBXFileReference; fileEncoding = 4; lastKnownFileType = sourcecode.swift; path = CardView.swift; sourceTree = "<group>"; };
		D169E211225B332700410779 /* OneLableOneButtonView.xib */ = {isa = PBXFileReference; fileEncoding = 4; lastKnownFileType = file.xib; path = OneLableOneButtonView.xib; sourceTree = "<group>"; };
		D169E212225B332700410779 /* SimpleLableView.swift */ = {isa = PBXFileReference; fileEncoding = 4; lastKnownFileType = sourcecode.swift; path = SimpleLableView.swift; sourceTree = "<group>"; };
		D169E214225B332700410779 /* OneLabelOneButtonView.swift */ = {isa = PBXFileReference; fileEncoding = 4; lastKnownFileType = sourcecode.swift; path = OneLabelOneButtonView.swift; sourceTree = "<group>"; };
		D169E216225B332700410779 /* NewsView.swift */ = {isa = PBXFileReference; fileEncoding = 4; lastKnownFileType = sourcecode.swift; path = NewsView.swift; sourceTree = "<group>"; };
		D169E21A225B332700410779 /* HomeCollectionViewCell.swift */ = {isa = PBXFileReference; fileEncoding = 4; lastKnownFileType = sourcecode.swift; path = HomeCollectionViewCell.swift; sourceTree = "<group>"; };
		D169E220225B332700410779 /* CardView.xib */ = {isa = PBXFileReference; fileEncoding = 4; lastKnownFileType = file.xib; path = CardView.xib; sourceTree = "<group>"; };
		D169E222225B332700410779 /* NewsView.xib */ = {isa = PBXFileReference; fileEncoding = 4; lastKnownFileType = file.xib; path = NewsView.xib; sourceTree = "<group>"; };
		D169E243225B332F00410779 /* AppColor.swift */ = {isa = PBXFileReference; fileEncoding = 4; lastKnownFileType = sourcecode.swift; path = AppColor.swift; sourceTree = "<group>"; };
		D169E24A225B333300410779 /* SPHomeViewModel.swift */ = {isa = PBXFileReference; fileEncoding = 4; lastKnownFileType = sourcecode.swift; path = SPHomeViewModel.swift; sourceTree = "<group>"; };
		D169E24B225B333300410779 /* SPSearchViewModel.swift */ = {isa = PBXFileReference; fileEncoding = 4; lastKnownFileType = sourcecode.swift; path = SPSearchViewModel.swift; sourceTree = "<group>"; };
		D169E24C225B333300410779 /* SPMyCollectionViewModel.swift */ = {isa = PBXFileReference; fileEncoding = 4; lastKnownFileType = sourcecode.swift; path = SPMyCollectionViewModel.swift; sourceTree = "<group>"; };
		D169E253225B333800410779 /* SPHomeViewController.swift */ = {isa = PBXFileReference; fileEncoding = 4; lastKnownFileType = sourcecode.swift; path = SPHomeViewController.swift; sourceTree = "<group>"; };
		D169E254225B333800410779 /* StartScreenViewController.swift */ = {isa = PBXFileReference; fileEncoding = 4; lastKnownFileType = sourcecode.swift; path = StartScreenViewController.swift; sourceTree = "<group>"; };
		D169E255225B333800410779 /* SPSearchViewController.swift */ = {isa = PBXFileReference; fileEncoding = 4; lastKnownFileType = sourcecode.swift; path = SPSearchViewController.swift; sourceTree = "<group>"; };
		D169E256225B333800410779 /* SPMyCollectionViewController.swift */ = {isa = PBXFileReference; fileEncoding = 4; lastKnownFileType = sourcecode.swift; path = SPMyCollectionViewController.swift; sourceTree = "<group>"; };
		D169E25E225B334200410779 /* SF-Pro-Text-Heavy.otf */ = {isa = PBXFileReference; lastKnownFileType = file; path = "SF-Pro-Text-Heavy.otf"; sourceTree = "<group>"; };
		D169E25F225B334200410779 /* SF-Pro-Display-Light.otf */ = {isa = PBXFileReference; lastKnownFileType = file; path = "SF-Pro-Display-Light.otf"; sourceTree = "<group>"; };
		D169E260225B334200410779 /* SF-Pro-Display-Regular.otf */ = {isa = PBXFileReference; lastKnownFileType = file; path = "SF-Pro-Display-Regular.otf"; sourceTree = "<group>"; };
		D169E261225B334200410779 /* SF-Pro-Display-Medium.otf */ = {isa = PBXFileReference; lastKnownFileType = file; path = "SF-Pro-Display-Medium.otf"; sourceTree = "<group>"; };
		D169E262225B334200410779 /* SF-Pro-Display-Heavy.otf */ = {isa = PBXFileReference; lastKnownFileType = file; path = "SF-Pro-Display-Heavy.otf"; sourceTree = "<group>"; };
		D169E263225B334200410779 /* SF-Pro-Text-Light.otf */ = {isa = PBXFileReference; lastKnownFileType = file; path = "SF-Pro-Text-Light.otf"; sourceTree = "<group>"; };
		D169E264225B334200410779 /* SF-Pro-Text-Regular.otf */ = {isa = PBXFileReference; lastKnownFileType = file; path = "SF-Pro-Text-Regular.otf"; sourceTree = "<group>"; };
		D169E265225B334200410779 /* SF-Pro-Text-Bold.otf */ = {isa = PBXFileReference; lastKnownFileType = file; path = "SF-Pro-Text-Bold.otf"; sourceTree = "<group>"; };
		D169E266225B334300410779 /* SF-Pro-Text-Medium.otf */ = {isa = PBXFileReference; lastKnownFileType = file; path = "SF-Pro-Text-Medium.otf"; sourceTree = "<group>"; };
		D169E273225B380B00410779 /* AppError.swift */ = {isa = PBXFileReference; fileEncoding = 4; lastKnownFileType = sourcecode.swift; path = AppError.swift; sourceTree = "<group>"; };
		D169E275225C854100410779 /* NewsViewReuse.swift */ = {isa = PBXFileReference; lastKnownFileType = sourcecode.swift; path = NewsViewReuse.swift; sourceTree = "<group>"; };
		D169E279225C8A5400410779 /* NewsViewReuse.xib */ = {isa = PBXFileReference; lastKnownFileType = file.xib; path = NewsViewReuse.xib; sourceTree = "<group>"; };
		D169E27B225E1E7B00410779 /* StationCollectionViewCell.swift */ = {isa = PBXFileReference; lastKnownFileType = sourcecode.swift; path = StationCollectionViewCell.swift; sourceTree = "<group>"; };
		D169E27C225E1E7B00410779 /* StationCollectionViewCell.xib */ = {isa = PBXFileReference; lastKnownFileType = file.xib; path = StationCollectionViewCell.xib; sourceTree = "<group>"; };
		D17EC936227EA8380026E439 /* ButtonCollectionCell.swift */ = {isa = PBXFileReference; lastKnownFileType = sourcecode.swift; path = ButtonCollectionCell.swift; sourceTree = "<group>"; };
		D17EC937227EA8380026E439 /* ButtonCollectionCell.xib */ = {isa = PBXFileReference; lastKnownFileType = file.xib; path = ButtonCollectionCell.xib; sourceTree = "<group>"; };
		F1856957668217D6E7846805 /* Pods-OneWorldRadio.release.xcconfig */ = {isa = PBXFileReference; includeInIndex = 1; lastKnownFileType = text.xcconfig; name = "Pods-OneWorldRadio.release.xcconfig"; path = "Pods/Target Support Files/Pods-OneWorldRadio/Pods-OneWorldRadio.release.xcconfig"; sourceTree = "<group>"; };
/* End PBXFileReference section */

/* Begin PBXFrameworksBuildPhase section */
		D169DF61225B1DF900410779 /* Frameworks */ = {
			isa = PBXFrameworksBuildPhase;
			buildActionMask = 2147483647;
			files = (
				8742B8F8872B1147C06C40CF /* Pods_OneWorldRadio.framework in Frameworks */,
			);
			runOnlyForDeploymentPostprocessing = 0;
		};
		D169DF75225B1DFA00410779 /* Frameworks */ = {
			isa = PBXFrameworksBuildPhase;
			buildActionMask = 2147483647;
			files = (
				67CA311557C0759C8CDC3F19 /* Pods_OneWorldRadioTests.framework in Frameworks */,
			);
			runOnlyForDeploymentPostprocessing = 0;
		};
		D169DF80225B1DFA00410779 /* Frameworks */ = {
			isa = PBXFrameworksBuildPhase;
			buildActionMask = 2147483647;
			files = (
				0DCC70F106A3DD03D1B5CA1F /* Pods_OneWorldRadioUITests.framework in Frameworks */,
			);
			runOnlyForDeploymentPostprocessing = 0;
		};
/* End PBXFrameworksBuildPhase section */

/* Begin PBXGroup section */
		A3AE3B9D143C93879E41108A /* Pods */ = {
			isa = PBXGroup;
			children = (
				37853FDA3B2115EE938B0EFD /* Pods-OneWorldRadio.debug.xcconfig */,
				F1856957668217D6E7846805 /* Pods-OneWorldRadio.release.xcconfig */,
				59D772301580F6AAD17D82B3 /* Pods-OneWorldRadioTests.debug.xcconfig */,
				BFBBA0A7A960E0D7BC6F0A4F /* Pods-OneWorldRadioTests.release.xcconfig */,
				44CAAC7D074C3169DB1C8EA6 /* Pods-OneWorldRadioUITests.debug.xcconfig */,
				136B0468C36D8E5D31BC7AF7 /* Pods-OneWorldRadioUITests.release.xcconfig */,
			);
			name = Pods;
			sourceTree = "<group>";
		};
		C19E6BFAA262C5B434F42583 /* Frameworks */ = {
			isa = PBXGroup;
			children = (
				AA4195ABF5D01E3D26FED6AD /* Pods_OneWorldRadio.framework */,
				CDCA5104FECBB8A1FC0BC45C /* Pods_OneWorldRadioTests.framework */,
				5EF507195B9CAFC627DF808C /* Pods_OneWorldRadioUITests.framework */,
			);
			name = Frameworks;
			sourceTree = "<group>";
		};
		D14290072263123600062222 /* Persistence Service */ = {
			isa = PBXGroup;
			children = (
				D142900A226312E800062222 /* DataSourceable.swift */,
				D1429008226312E800062222 /* Persistable.swift */,
				D1429009226312E800062222 /* RealmDataPersistence.swift */,
			);
			path = "Persistence Service";
			sourceTree = "<group>";
		};
		D169DF5B225B1DF900410779 = {
			isa = PBXGroup;
			children = (
				D169DF66225B1DF900410779 /* OneWorldRadio */,
				D169DF7B225B1DFA00410779 /* OneWorldRadioTests */,
				D169DF86225B1DFA00410779 /* OneWorldRadioUITests */,
				D169DF65225B1DF900410779 /* Products */,
				A3AE3B9D143C93879E41108A /* Pods */,
				C19E6BFAA262C5B434F42583 /* Frameworks */,
			);
			sourceTree = "<group>";
		};
		D169DF65225B1DF900410779 /* Products */ = {
			isa = PBXGroup;
			children = (
				D169DF64225B1DF900410779 /* OneWorldRadio.app */,
				D169DF78225B1DFA00410779 /* OneWorldRadioTests.xctest */,
				D169DF83225B1DFA00410779 /* OneWorldRadioUITests.xctest */,
			);
			name = Products;
			sourceTree = "<group>";
		};
		D169DF66225B1DF900410779 /* OneWorldRadio */ = {
			isa = PBXGroup;
			children = (
				D14290072263123600062222 /* Persistence Service */,
				D11A857C225F3D4C00E6A94E /* Radio.storyboard */,
				D169E273225B380B00410779 /* AppError.swift */,
				D169E25D225B334200410779 /* Recources */,
				D169E252225B333800410779 /* ViewController */,
				D169E249225B333300410779 /* ViewModel */,
				D169E23E225B332F00410779 /* Model */,
				D169E20B225B332700410779 /* View */,
				D169E208225B332200410779 /* Protocols */,
				D169E1ED225B331D00410779 /* NetworkService */,
				D169E1E8225B331600410779 /* Globals */,
				D169E1B3225B331100410779 /* Extensions */,
				D169E1B0225B330D00410779 /* Utils */,
				D169E1AC225B32FF00410779 /* NavigationService */,
				D169E1A4225B32F800410779 /* CollectionViewLayout */,
				D169E19B225B32EF00410779 /* Third-Party Code */,
				D169DF95225B203000410779 /* Radios */,
				D169DF67225B1DF900410779 /* AppDelegate.swift */,
				D169DF6B225B1DF900410779 /* Main.storyboard */,
				D169DF6E225B1DF900410779 /* Assets.xcassets */,
				D169DF70225B1DF900410779 /* LaunchScreen.storyboard */,
				D169DF73225B1DF900410779 /* Info.plist */,
			);
			path = OneWorldRadio;
			sourceTree = "<group>";
		};
		D169DF7B225B1DFA00410779 /* OneWorldRadioTests */ = {
			isa = PBXGroup;
			children = (
				D169DF7C225B1DFA00410779 /* OneWorldRadioTests.swift */,
				D169DF7E225B1DFA00410779 /* Info.plist */,
			);
			path = OneWorldRadioTests;
			sourceTree = "<group>";
		};
		D169DF86225B1DFA00410779 /* OneWorldRadioUITests */ = {
			isa = PBXGroup;
			children = (
				D169DF87225B1DFA00410779 /* OneWorldRadioUITests.swift */,
				D169DF89225B1DFA00410779 /* Info.plist */,
			);
			path = OneWorldRadioUITests;
			sourceTree = "<group>";
		};
		D169DF95225B203000410779 /* Radios */ = {
			isa = PBXGroup;
			children = (
				D169DFE2225B204C00410779 /* uk.json */,
				D169E020225B205100410779 /* usa.json */,
			);
			path = Radios;
			sourceTree = "<group>";
		};
		D169E19B225B32EF00410779 /* Third-Party Code */ = {
			isa = PBXGroup;
			children = (
				D169E19C225B32EF00410779 /* UIImage+Extension.swift */,
				D169E19D225B32EF00410779 /* UIAlertAction+Extension.swift */,
				D169E19E225B32EF00410779 /* CustomizableAlertController.swift */,
				D169E19F225B32EF00410779 /* FlexiblePageControl.swift */,
			);
			path = "Third-Party Code";
			sourceTree = "<group>";
		};
		D169E1A4225B32F800410779 /* CollectionViewLayout */ = {
			isa = PBXGroup;
			children = (
				D169E1A5225B32F800410779 /* AdaptableCollectionViewLayout.swift */,
				D169E1A6225B32F800410779 /* CollectionViewLayoutBacker.swift */,
				D169E1A7225B32F800410779 /* Custom Value Types */,
			);
			path = CollectionViewLayout;
			sourceTree = "<group>";
		};
		D169E1A7225B32F800410779 /* Custom Value Types */ = {
			isa = PBXGroup;
			children = (
				D169E1A8225B32F800410779 /* Dynamik.swift */,
			);
			path = "Custom Value Types";
			sourceTree = "<group>";
		};
		D169E1AC225B32FF00410779 /* NavigationService */ = {
			isa = PBXGroup;
			children = (
			);
			path = NavigationService;
			sourceTree = "<group>";
		};
		D169E1B0225B330D00410779 /* Utils */ = {
			isa = PBXGroup;
			children = (
				D11A857A225F3BBE00E6A94E /* AnimationFrames.swift */,
				D169E1B1225B330D00410779 /* LayoutManager.swift */,
				D11A8582225F46DB00E6A94E /* ImageDownloader.swift */,
			);
			path = Utils;
			sourceTree = "<group>";
		};
		D169E1B3225B331100410779 /* Extensions */ = {
			isa = PBXGroup;
			children = (
				D169E1B4225B331100410779 /* UI */,
				D169E1CE225B331100410779 /* CoreGraphics */,
			);
			path = Extensions;
			sourceTree = "<group>";
		};
		D169E1B4225B331100410779 /* UI */ = {
			isa = PBXGroup;
			children = (
				D169E1B5225B331100410779 /* UIActivity+Extensions.swift */,
				D169E1B6225B331100410779 /* UISegmentedControl+Extensions.swift */,
				D169E1B7225B331100410779 /* UIImageView+Extensions.swift */,
				D169E1B8225B331100410779 /* UIViewController+Extensions.swift */,
				D169E1B9225B331100410779 /* UIButton+Extensions.swift */,
				D169E1BA225B331100410779 /* UIView+Extensions.swift */,
				D169E1BB225B331100410779 /* String+Extensions.swift */,
				D169E1BC225B331100410779 /* UIEdgeInsets+Extensions.swift */,
				D169E1BD225B331100410779 /* UITextView+Extensions.swift */,
				D169E1BE225B331100410779 /* UIColor+Extensions.swift */,
				D169E1BF225B331100410779 /* UIImage+Extensions.swift */,
				D169E1C0225B331100410779 /* UISearchBar+Extensions.swift */,
				D169E1C1225B331100410779 /* Dispatch+Extensions.swift */,
				D169E1C2225B331100410779 /* UIAlertController+Extensions.swift */,
				D169E1C3225B331100410779 /* NSAttributedString+Extensions.swift */,
				D169E1C4225B331100410779 /* Int +Extensions.swift */,
				D169E1C5225B331100410779 /* UIStoryBoard+Extensions.swift */,
				D169E1C6225B331100410779 /* UserDefaults+Extension.swift */,
				D169E1C7225B331100410779 /* UITableView+Extensions.swift */,
				D169E1C8225B331100410779 /* URL+Extensions.swift */,
				D169E1C9225B331100410779 /* UILabel+Extensions.swift */,
				D169E1CA225B331100410779 /* Date+Extensions.swift */,
				D169E1CB225B331100410779 /* UILayoutPriority+Extensions.swift */,
				D169E1CC225B331100410779 /* UICollectionView+Extensions.swift */,
				D169E1CD225B331100410779 /* UITextField+Extensions.swift */,
			);
			path = UI;
			sourceTree = "<group>";
		};
		D169E1CE225B331100410779 /* CoreGraphics */ = {
			isa = PBXGroup;
			children = (
			);
			path = CoreGraphics;
			sourceTree = "<group>";
		};
		D169E1E8225B331600410779 /* Globals */ = {
			isa = PBXGroup;
			children = (
				D169E1E9225B331600410779 /* SPGlobals.swift */,
				D169E1EA225B331600410779 /* SPConstants.swift */,
			);
			path = Globals;
			sourceTree = "<group>";
		};
		D169E1ED225B331D00410779 /* NetworkService */ = {
			isa = PBXGroup;
			children = (
				D11A8572225E3C7600E6A94E /* LocalDataManager.swift */,
				D11A8574225E3D5600E6A94E /* ServiceSwicher.swift */,
			);
			path = NetworkService;
			sourceTree = "<group>";
		};
		D169E208225B332200410779 /* Protocols */ = {
			isa = PBXGroup;
			children = (
				D169E209225B332200410779 /* ViewModelable.swift */,
			);
			path = Protocols;
			sourceTree = "<group>";
		};
		D169E20B225B332700410779 /* View */ = {
			isa = PBXGroup;
			children = (
				D169E20D225B332700410779 /* SimpleLabelView.xib */,
				D169E212225B332700410779 /* SimpleLableView.swift */,
				D169E211225B332700410779 /* OneLableOneButtonView.xib */,
				D169E214225B332700410779 /* OneLabelOneButtonView.swift */,
				D169E21A225B332700410779 /* HomeCollectionViewCell.swift */,
				D169E210225B332700410779 /* CardView.swift */,
				D169E220225B332700410779 /* CardView.xib */,
				D169E216225B332700410779 /* NewsView.swift */,
				D169E222225B332700410779 /* NewsView.xib */,
				D169E279225C8A5400410779 /* NewsViewReuse.xib */,
				D169E275225C854100410779 /* NewsViewReuse.swift */,
				D169E27B225E1E7B00410779 /* StationCollectionViewCell.swift */,
				D169E27C225E1E7B00410779 /* StationCollectionViewCell.xib */,
				D17EC936227EA8380026E439 /* ButtonCollectionCell.swift */,
				D17EC937227EA8380026E439 /* ButtonCollectionCell.xib */,
			);
			path = View;
			sourceTree = "<group>";
		};
		D169E23E225B332F00410779 /* Model */ = {
			isa = PBXGroup;
			children = (
				D169E243225B332F00410779 /* AppColor.swift */,
				D11A8578225F3B0000E6A94E /* RadioTrack.swift */,
				D11A8586225F605400E6A94E /* RadioStation.swift */,
				D129E52E2261670800F4369D /* TrueRadioCategory.swift */,
				D142900E226313CF00062222 /* RRadionStation.swift */,
			);
			path = Model;
			sourceTree = "<group>";
		};
		D169E249225B333300410779 /* ViewModel */ = {
			isa = PBXGroup;
			children = (
				D169E24A225B333300410779 /* SPHomeViewModel.swift */,
				D169E24B225B333300410779 /* SPSearchViewModel.swift */,
				D169E24C225B333300410779 /* SPMyCollectionViewModel.swift */,
				D11A8580225F462300E6A94E /* SPRadioPlayer.swift */,
			);
			path = ViewModel;
			sourceTree = "<group>";
		};
		D169E252225B333800410779 /* ViewController */ = {
			isa = PBXGroup;
			children = (
				D169E254225B333800410779 /* StartScreenViewController.swift */,
				D169E253225B333800410779 /* SPHomeViewController.swift */,
				D169E255225B333800410779 /* SPSearchViewController.swift */,
				D169E256225B333800410779 /* SPMyCollectionViewController.swift */,
				D11A857E225F42AB00E6A94E /* SPNowPlayingViewController.swift */,
			);
			path = ViewController;
			sourceTree = "<group>";
		};
		D169E25D225B334200410779 /* Recources */ = {
			isa = PBXGroup;
			children = (
				D169E25E225B334200410779 /* SF-Pro-Text-Heavy.otf */,
				D169E25F225B334200410779 /* SF-Pro-Display-Light.otf */,
				D169E260225B334200410779 /* SF-Pro-Display-Regular.otf */,
				D169E261225B334200410779 /* SF-Pro-Display-Medium.otf */,
				D169E262225B334200410779 /* SF-Pro-Display-Heavy.otf */,
				D169E263225B334200410779 /* SF-Pro-Text-Light.otf */,
				D169E264225B334200410779 /* SF-Pro-Text-Regular.otf */,
				D169E265225B334200410779 /* SF-Pro-Text-Bold.otf */,
				D169E266225B334300410779 /* SF-Pro-Text-Medium.otf */,
			);
			path = Recources;
			sourceTree = "<group>";
		};
/* End PBXGroup section */

/* Begin PBXNativeTarget section */
		D169DF63225B1DF900410779 /* OneWorldRadio */ = {
			isa = PBXNativeTarget;
			buildConfigurationList = D169DF8C225B1DFA00410779 /* Build configuration list for PBXNativeTarget "OneWorldRadio" */;
			buildPhases = (
				14A41817D4D150096E95ADC3 /* [CP] Check Pods Manifest.lock */,
				D169DF60225B1DF900410779 /* Sources */,
				D169DF61225B1DF900410779 /* Frameworks */,
				D169DF62225B1DF900410779 /* Resources */,
				7A7D67D2F3237989CF9724A7 /* [CP] Embed Pods Frameworks */,
			);
			buildRules = (
			);
			dependencies = (
			);
			name = OneWorldRadio;
			productName = OneWorldRadio;
			productReference = D169DF64225B1DF900410779 /* OneWorldRadio.app */;
			productType = "com.apple.product-type.application";
		};
		D169DF77225B1DFA00410779 /* OneWorldRadioTests */ = {
			isa = PBXNativeTarget;
			buildConfigurationList = D169DF8F225B1DFA00410779 /* Build configuration list for PBXNativeTarget "OneWorldRadioTests" */;
			buildPhases = (
				2EAD97A700E62549C7078FC2 /* [CP] Check Pods Manifest.lock */,
				D169DF74225B1DFA00410779 /* Sources */,
				D169DF75225B1DFA00410779 /* Frameworks */,
				D169DF76225B1DFA00410779 /* Resources */,
			);
			buildRules = (
			);
			dependencies = (
				D169DF7A225B1DFA00410779 /* PBXTargetDependency */,
			);
			name = OneWorldRadioTests;
			productName = OneWorldRadioTests;
			productReference = D169DF78225B1DFA00410779 /* OneWorldRadioTests.xctest */;
			productType = "com.apple.product-type.bundle.unit-test";
		};
		D169DF82225B1DFA00410779 /* OneWorldRadioUITests */ = {
			isa = PBXNativeTarget;
			buildConfigurationList = D169DF92225B1DFA00410779 /* Build configuration list for PBXNativeTarget "OneWorldRadioUITests" */;
			buildPhases = (
				1F66F2A8A2BE7BFB24E89751 /* [CP] Check Pods Manifest.lock */,
				D169DF7F225B1DFA00410779 /* Sources */,
				D169DF80225B1DFA00410779 /* Frameworks */,
				D169DF81225B1DFA00410779 /* Resources */,
			);
			buildRules = (
			);
			dependencies = (
				D169DF85225B1DFA00410779 /* PBXTargetDependency */,
			);
			name = OneWorldRadioUITests;
			productName = OneWorldRadioUITests;
			productReference = D169DF83225B1DFA00410779 /* OneWorldRadioUITests.xctest */;
			productType = "com.apple.product-type.bundle.ui-testing";
		};
/* End PBXNativeTarget section */

/* Begin PBXProject section */
		D169DF5C225B1DF900410779 /* Project object */ = {
			isa = PBXProject;
			attributes = {
				LastSwiftUpdateCheck = 1010;
				LastUpgradeCheck = 1010;
				ORGANIZATIONNAME = Larry;
				TargetAttributes = {
					D169DF63225B1DF900410779 = {
						CreatedOnToolsVersion = 10.1;
						SystemCapabilities = {
							com.apple.BackgroundModes = {
								enabled = 1;
							};
						};
					};
					D169DF77225B1DFA00410779 = {
						CreatedOnToolsVersion = 10.1;
						TestTargetID = D169DF63225B1DF900410779;
					};
					D169DF82225B1DFA00410779 = {
						CreatedOnToolsVersion = 10.1;
						TestTargetID = D169DF63225B1DF900410779;
					};
				};
			};
			buildConfigurationList = D169DF5F225B1DF900410779 /* Build configuration list for PBXProject "OneWorldRadio" */;
			compatibilityVersion = "Xcode 9.3";
			developmentRegion = en;
			hasScannedForEncodings = 0;
			knownRegions = (
				en,
				Base,
			);
			mainGroup = D169DF5B225B1DF900410779;
			productRefGroup = D169DF65225B1DF900410779 /* Products */;
			projectDirPath = "";
			projectRoot = "";
			targets = (
				D169DF63225B1DF900410779 /* OneWorldRadio */,
				D169DF77225B1DFA00410779 /* OneWorldRadioTests */,
				D169DF82225B1DFA00410779 /* OneWorldRadioUITests */,
			);
		};
/* End PBXProject section */

/* Begin PBXResourcesBuildPhase section */
		D169DF62225B1DF900410779 /* Resources */ = {
			isa = PBXResourcesBuildPhase;
			buildActionMask = 2147483647;
			files = (
				D169E269225B334300410779 /* SF-Pro-Display-Regular.otf in Resources */,
				D169E23B225B332700410779 /* NewsView.xib in Resources */,
				D169DF72225B1DF900410779 /* LaunchScreen.storyboard in Resources */,
				D169E26D225B334300410779 /* SF-Pro-Text-Regular.otf in Resources */,
				D169DF6F225B1DF900410779 /* Assets.xcassets in Resources */,
				D169E26C225B334300410779 /* SF-Pro-Text-Light.otf in Resources */,
				D169E239225B332700410779 /* CardView.xib in Resources */,
				D169E226225B332700410779 /* SimpleLabelView.xib in Resources */,
				D169E26F225B334300410779 /* SF-Pro-Text-Medium.otf in Resources */,
				D169E268225B334300410779 /* SF-Pro-Display-Light.otf in Resources */,
				D169E0B0225B205200410779 /* usa.json in Resources */,
				D17EC939227EA8380026E439 /* ButtonCollectionCell.xib in Resources */,
				D169E22A225B332700410779 /* OneLableOneButtonView.xib in Resources */,
				D169E072225B205200410779 /* uk.json in Resources */,
				D169DF6D225B1DF900410779 /* Main.storyboard in Resources */,
				D169E267225B334300410779 /* SF-Pro-Text-Heavy.otf in Resources */,
				D169E26E225B334300410779 /* SF-Pro-Text-Bold.otf in Resources */,
				D169E26A225B334300410779 /* SF-Pro-Display-Medium.otf in Resources */,
				D169E26B225B334300410779 /* SF-Pro-Display-Heavy.otf in Resources */,
				D169E27E225E1E7C00410779 /* StationCollectionViewCell.xib in Resources */,
				D169E27A225C965400410779 /* NewsViewReuse.xib in Resources */,
				D11A857D225F3D4C00E6A94E /* Radio.storyboard in Resources */,
			);
			runOnlyForDeploymentPostprocessing = 0;
		};
		D169DF76225B1DFA00410779 /* Resources */ = {
			isa = PBXResourcesBuildPhase;
			buildActionMask = 2147483647;
			files = (
			);
			runOnlyForDeploymentPostprocessing = 0;
		};
		D169DF81225B1DFA00410779 /* Resources */ = {
			isa = PBXResourcesBuildPhase;
			buildActionMask = 2147483647;
			files = (
			);
			runOnlyForDeploymentPostprocessing = 0;
		};
/* End PBXResourcesBuildPhase section */

/* Begin PBXShellScriptBuildPhase section */
		14A41817D4D150096E95ADC3 /* [CP] Check Pods Manifest.lock */ = {
			isa = PBXShellScriptBuildPhase;
			buildActionMask = 2147483647;
			files = (
			);
			inputPaths = (
				"${PODS_PODFILE_DIR_PATH}/Podfile.lock",
				"${PODS_ROOT}/Manifest.lock",
			);
			name = "[CP] Check Pods Manifest.lock";
			outputPaths = (
				"$(DERIVED_FILE_DIR)/Pods-OneWorldRadio-checkManifestLockResult.txt",
			);
			runOnlyForDeploymentPostprocessing = 0;
			shellPath = /bin/sh;
			shellScript = "diff \"${PODS_PODFILE_DIR_PATH}/Podfile.lock\" \"${PODS_ROOT}/Manifest.lock\" > /dev/null\nif [ $? != 0 ] ; then\n    # print error to STDERR\n    echo \"error: The sandbox is not in sync with the Podfile.lock. Run 'pod install' or update your CocoaPods installation.\" >&2\n    exit 1\nfi\n# This output is used by Xcode 'outputs' to avoid re-running this script phase.\necho \"SUCCESS\" > \"${SCRIPT_OUTPUT_FILE_0}\"\n";
			showEnvVarsInLog = 0;
		};
		1F66F2A8A2BE7BFB24E89751 /* [CP] Check Pods Manifest.lock */ = {
			isa = PBXShellScriptBuildPhase;
			buildActionMask = 2147483647;
			files = (
			);
			inputPaths = (
				"${PODS_PODFILE_DIR_PATH}/Podfile.lock",
				"${PODS_ROOT}/Manifest.lock",
			);
			name = "[CP] Check Pods Manifest.lock";
			outputPaths = (
				"$(DERIVED_FILE_DIR)/Pods-OneWorldRadioUITests-checkManifestLockResult.txt",
			);
			runOnlyForDeploymentPostprocessing = 0;
			shellPath = /bin/sh;
			shellScript = "diff \"${PODS_PODFILE_DIR_PATH}/Podfile.lock\" \"${PODS_ROOT}/Manifest.lock\" > /dev/null\nif [ $? != 0 ] ; then\n    # print error to STDERR\n    echo \"error: The sandbox is not in sync with the Podfile.lock. Run 'pod install' or update your CocoaPods installation.\" >&2\n    exit 1\nfi\n# This output is used by Xcode 'outputs' to avoid re-running this script phase.\necho \"SUCCESS\" > \"${SCRIPT_OUTPUT_FILE_0}\"\n";
			showEnvVarsInLog = 0;
		};
		2EAD97A700E62549C7078FC2 /* [CP] Check Pods Manifest.lock */ = {
			isa = PBXShellScriptBuildPhase;
			buildActionMask = 2147483647;
			files = (
			);
			inputPaths = (
				"${PODS_PODFILE_DIR_PATH}/Podfile.lock",
				"${PODS_ROOT}/Manifest.lock",
			);
			name = "[CP] Check Pods Manifest.lock";
			outputPaths = (
				"$(DERIVED_FILE_DIR)/Pods-OneWorldRadioTests-checkManifestLockResult.txt",
			);
			runOnlyForDeploymentPostprocessing = 0;
			shellPath = /bin/sh;
			shellScript = "diff \"${PODS_PODFILE_DIR_PATH}/Podfile.lock\" \"${PODS_ROOT}/Manifest.lock\" > /dev/null\nif [ $? != 0 ] ; then\n    # print error to STDERR\n    echo \"error: The sandbox is not in sync with the Podfile.lock. Run 'pod install' or update your CocoaPods installation.\" >&2\n    exit 1\nfi\n# This output is used by Xcode 'outputs' to avoid re-running this script phase.\necho \"SUCCESS\" > \"${SCRIPT_OUTPUT_FILE_0}\"\n";
			showEnvVarsInLog = 0;
		};
		7A7D67D2F3237989CF9724A7 /* [CP] Embed Pods Frameworks */ = {
			isa = PBXShellScriptBuildPhase;
			buildActionMask = 2147483647;
			files = (
			);
			inputPaths = (
				"${SRCROOT}/Pods/Target Support Files/Pods-OneWorldRadio/Pods-OneWorldRadio-frameworks.sh",
				"${BUILT_PRODUCTS_DIR}/FRadioPlayer/FRadioPlayer.framework",
				"${BUILT_PRODUCTS_DIR}/ProgressHUD/ProgressHUD.framework",
				"${BUILT_PRODUCTS_DIR}/Realm/Realm.framework",
				"${BUILT_PRODUCTS_DIR}/RealmSwift/RealmSwift.framework",
				"${BUILT_PRODUCTS_DIR}/Spring/Spring.framework",
			);
			name = "[CP] Embed Pods Frameworks";
			outputPaths = (
				"${TARGET_BUILD_DIR}/${FRAMEWORKS_FOLDER_PATH}/FRadioPlayer.framework",
				"${TARGET_BUILD_DIR}/${FRAMEWORKS_FOLDER_PATH}/ProgressHUD.framework",
				"${TARGET_BUILD_DIR}/${FRAMEWORKS_FOLDER_PATH}/Realm.framework",
				"${TARGET_BUILD_DIR}/${FRAMEWORKS_FOLDER_PATH}/RealmSwift.framework",
				"${TARGET_BUILD_DIR}/${FRAMEWORKS_FOLDER_PATH}/Spring.framework",
			);
			runOnlyForDeploymentPostprocessing = 0;
			shellPath = /bin/sh;
			shellScript = "\"${SRCROOT}/Pods/Target Support Files/Pods-OneWorldRadio/Pods-OneWorldRadio-frameworks.sh\"\n";
			showEnvVarsInLog = 0;
		};
/* End PBXShellScriptBuildPhase section */

/* Begin PBXSourcesBuildPhase section */
		D169DF60225B1DF900410779 /* Sources */ = {
			isa = PBXSourcesBuildPhase;
			buildActionMask = 2147483647;
			files = (
				D11A8587225F605400E6A94E /* RadioStation.swift in Sources */,
				D142900D226312E800062222 /* DataSourceable.swift in Sources */,
				D169E1D6225B331100410779 /* UIEdgeInsets+Extensions.swift in Sources */,
				D169E25A225B333800410779 /* SPSearchViewController.swift in Sources */,
				D11A8575225E3D5600E6A94E /* ServiceSwicher.swift in Sources */,
				D169E248225B332F00410779 /* AppColor.swift in Sources */,
				D169E1D1225B331100410779 /* UIImageView+Extensions.swift in Sources */,
				D169E1A3225B32EF00410779 /* FlexiblePageControl.swift in Sources */,
				D142900F226313CF00062222 /* RRadionStation.swift in Sources */,
				D169E1D9225B331100410779 /* UIImage+Extensions.swift in Sources */,
				D169E25B225B333800410779 /* SPMyCollectionViewController.swift in Sources */,
				D142900B226312E800062222 /* Persistable.swift in Sources */,
				D169E22D225B332700410779 /* OneLabelOneButtonView.swift in Sources */,
				D169DF68225B1DF900410779 /* AppDelegate.swift in Sources */,
				D169E1EB225B331600410779 /* SPGlobals.swift in Sources */,
				D169E1E5225B331100410779 /* UILayoutPriority+Extensions.swift in Sources */,
				D169E20A225B332200410779 /* ViewModelable.swift in Sources */,
				D169E1E0225B331100410779 /* UserDefaults+Extension.swift in Sources */,
				D169E1E2225B331100410779 /* URL+Extensions.swift in Sources */,
				D169E229225B332700410779 /* CardView.swift in Sources */,
				D169E233225B332700410779 /* HomeCollectionViewCell.swift in Sources */,
				D169E22B225B332700410779 /* SimpleLableView.swift in Sources */,
				D169E259225B333800410779 /* StartScreenViewController.swift in Sources */,
				D169E1A0225B32EF00410779 /* UIImage+Extension.swift in Sources */,
				D169E1E4225B331100410779 /* Date+Extensions.swift in Sources */,
				D169E1CF225B331100410779 /* UIActivity+Extensions.swift in Sources */,
				D169E22F225B332700410779 /* NewsView.swift in Sources */,
				D11A8583225F46DB00E6A94E /* ImageDownloader.swift in Sources */,
				D169E1D4225B331100410779 /* UIView+Extensions.swift in Sources */,
				D169E1AA225B32F800410779 /* CollectionViewLayoutBacker.swift in Sources */,
				D11A8579225F3B0000E6A94E /* RadioTrack.swift in Sources */,
				D169E1DC225B331100410779 /* UIAlertController+Extensions.swift in Sources */,
				D129E52F2261670800F4369D /* TrueRadioCategory.swift in Sources */,
				D169E1B2225B330D00410779 /* LayoutManager.swift in Sources */,
				D11A8581225F462300E6A94E /* SPRadioPlayer.swift in Sources */,
				D11A8573225E3C7700E6A94E /* LocalDataManager.swift in Sources */,
				D169E250225B333400410779 /* SPMyCollectionViewModel.swift in Sources */,
				D169E1A2225B32EF00410779 /* CustomizableAlertController.swift in Sources */,
				D169E1DD225B331100410779 /* NSAttributedString+Extensions.swift in Sources */,
				D142900C226312E800062222 /* RealmDataPersistence.swift in Sources */,
				D169E1E6225B331100410779 /* UICollectionView+Extensions.swift in Sources */,
				D169E1DE225B331100410779 /* Int +Extensions.swift in Sources */,
				D169E258225B333800410779 /* SPHomeViewController.swift in Sources */,
				D169E1D8225B331100410779 /* UIColor+Extensions.swift in Sources */,
				D169E1DA225B331100410779 /* UISearchBar+Extensions.swift in Sources */,
				D169E1D7225B331100410779 /* UITextView+Extensions.swift in Sources */,
				D169E274225B380B00410779 /* AppError.swift in Sources */,
				D169E1E3225B331100410779 /* UILabel+Extensions.swift in Sources */,
				D169E24F225B333400410779 /* SPSearchViewModel.swift in Sources */,
				D169E1D0225B331100410779 /* UISegmentedControl+Extensions.swift in Sources */,
				D169E1E1225B331100410779 /* UITableView+Extensions.swift in Sources */,
				D11A857B225F3BBE00E6A94E /* AnimationFrames.swift in Sources */,
				D11A857F225F42AB00E6A94E /* SPNowPlayingViewController.swift in Sources */,
				D169E1DB225B331100410779 /* Dispatch+Extensions.swift in Sources */,
				D169E1D2225B331100410779 /* UIViewController+Extensions.swift in Sources */,
				D169E27D225E1E7C00410779 /* StationCollectionViewCell.swift in Sources */,
				D169E1E7225B331100410779 /* UITextField+Extensions.swift in Sources */,
				D169E1DF225B331100410779 /* UIStoryBoard+Extensions.swift in Sources */,
				D169E1D5225B331100410779 /* String+Extensions.swift in Sources */,
				D17EC938227EA8380026E439 /* ButtonCollectionCell.swift in Sources */,
				D169E1EC225B331600410779 /* SPConstants.swift in Sources */,
				D169E1AB225B32F800410779 /* Dynamik.swift in Sources */,
				D169E1A1225B32EF00410779 /* UIAlertAction+Extension.swift in Sources */,
				D169E1D3225B331100410779 /* UIButton+Extensions.swift in Sources */,
				D169E1A9225B32F800410779 /* AdaptableCollectionViewLayout.swift in Sources */,
				D169E24E225B333400410779 /* SPHomeViewModel.swift in Sources */,
				D169E277225C854100410779 /* NewsViewReuse.swift in Sources */,
			);
			runOnlyForDeploymentPostprocessing = 0;
		};
		D169DF74225B1DFA00410779 /* Sources */ = {
			isa = PBXSourcesBuildPhase;
			buildActionMask = 2147483647;
			files = (
				D169DF7D225B1DFA00410779 /* OneWorldRadioTests.swift in Sources */,
			);
			runOnlyForDeploymentPostprocessing = 0;
		};
		D169DF7F225B1DFA00410779 /* Sources */ = {
			isa = PBXSourcesBuildPhase;
			buildActionMask = 2147483647;
			files = (
				D169DF88225B1DFA00410779 /* OneWorldRadioUITests.swift in Sources */,
			);
			runOnlyForDeploymentPostprocessing = 0;
		};
/* End PBXSourcesBuildPhase section */

/* Begin PBXTargetDependency section */
		D169DF7A225B1DFA00410779 /* PBXTargetDependency */ = {
			isa = PBXTargetDependency;
			target = D169DF63225B1DF900410779 /* OneWorldRadio */;
			targetProxy = D169DF79225B1DFA00410779 /* PBXContainerItemProxy */;
		};
		D169DF85225B1DFA00410779 /* PBXTargetDependency */ = {
			isa = PBXTargetDependency;
			target = D169DF63225B1DF900410779 /* OneWorldRadio */;
			targetProxy = D169DF84225B1DFA00410779 /* PBXContainerItemProxy */;
		};
/* End PBXTargetDependency section */

/* Begin PBXVariantGroup section */
		D169DF6B225B1DF900410779 /* Main.storyboard */ = {
			isa = PBXVariantGroup;
			children = (
				D169DF6C225B1DF900410779 /* Base */,
			);
			name = Main.storyboard;
			sourceTree = "<group>";
		};
		D169DF70225B1DF900410779 /* LaunchScreen.storyboard */ = {
			isa = PBXVariantGroup;
			children = (
				D169DF71225B1DF900410779 /* Base */,
			);
			name = LaunchScreen.storyboard;
			sourceTree = "<group>";
		};
/* End PBXVariantGroup section */

/* Begin XCBuildConfiguration section */
		D169DF8A225B1DFA00410779 /* Debug */ = {
			isa = XCBuildConfiguration;
			buildSettings = {
				ALWAYS_SEARCH_USER_PATHS = NO;
				CLANG_ANALYZER_NONNULL = YES;
				CLANG_ANALYZER_NUMBER_OBJECT_CONVERSION = YES_AGGRESSIVE;
				CLANG_CXX_LANGUAGE_STANDARD = "gnu++14";
				CLANG_CXX_LIBRARY = "libc++";
				CLANG_ENABLE_MODULES = YES;
				CLANG_ENABLE_OBJC_ARC = YES;
				CLANG_ENABLE_OBJC_WEAK = YES;
				CLANG_WARN_BLOCK_CAPTURE_AUTORELEASING = YES;
				CLANG_WARN_BOOL_CONVERSION = YES;
				CLANG_WARN_COMMA = YES;
				CLANG_WARN_CONSTANT_CONVERSION = YES;
				CLANG_WARN_DEPRECATED_OBJC_IMPLEMENTATIONS = YES;
				CLANG_WARN_DIRECT_OBJC_ISA_USAGE = YES_ERROR;
				CLANG_WARN_DOCUMENTATION_COMMENTS = YES;
				CLANG_WARN_EMPTY_BODY = YES;
				CLANG_WARN_ENUM_CONVERSION = YES;
				CLANG_WARN_INFINITE_RECURSION = YES;
				CLANG_WARN_INT_CONVERSION = YES;
				CLANG_WARN_NON_LITERAL_NULL_CONVERSION = YES;
				CLANG_WARN_OBJC_IMPLICIT_RETAIN_SELF = YES;
				CLANG_WARN_OBJC_LITERAL_CONVERSION = YES;
				CLANG_WARN_OBJC_ROOT_CLASS = YES_ERROR;
				CLANG_WARN_RANGE_LOOP_ANALYSIS = YES;
				CLANG_WARN_STRICT_PROTOTYPES = YES;
				CLANG_WARN_SUSPICIOUS_MOVE = YES;
				CLANG_WARN_UNGUARDED_AVAILABILITY = YES_AGGRESSIVE;
				CLANG_WARN_UNREACHABLE_CODE = YES;
				CLANG_WARN__DUPLICATE_METHOD_MATCH = YES;
				CODE_SIGN_IDENTITY = "iPhone Developer";
				COPY_PHASE_STRIP = NO;
				DEBUG_INFORMATION_FORMAT = dwarf;
				ENABLE_STRICT_OBJC_MSGSEND = YES;
				ENABLE_TESTABILITY = YES;
				GCC_C_LANGUAGE_STANDARD = gnu11;
				GCC_DYNAMIC_NO_PIC = NO;
				GCC_NO_COMMON_BLOCKS = YES;
				GCC_OPTIMIZATION_LEVEL = 0;
				GCC_PREPROCESSOR_DEFINITIONS = (
					"DEBUG=1",
					"$(inherited)",
				);
				GCC_WARN_64_TO_32_BIT_CONVERSION = YES;
				GCC_WARN_ABOUT_RETURN_TYPE = YES_ERROR;
				GCC_WARN_UNDECLARED_SELECTOR = YES;
				GCC_WARN_UNINITIALIZED_AUTOS = YES_AGGRESSIVE;
				GCC_WARN_UNUSED_FUNCTION = YES;
				GCC_WARN_UNUSED_VARIABLE = YES;
				IPHONEOS_DEPLOYMENT_TARGET = 12.1;
				MTL_ENABLE_DEBUG_INFO = INCLUDE_SOURCE;
				MTL_FAST_MATH = YES;
				ONLY_ACTIVE_ARCH = YES;
				SDKROOT = iphoneos;
				SWIFT_ACTIVE_COMPILATION_CONDITIONS = DEBUG;
				SWIFT_OPTIMIZATION_LEVEL = "-Onone";
			};
			name = Debug;
		};
		D169DF8B225B1DFA00410779 /* Release */ = {
			isa = XCBuildConfiguration;
			buildSettings = {
				ALWAYS_SEARCH_USER_PATHS = NO;
				CLANG_ANALYZER_NONNULL = YES;
				CLANG_ANALYZER_NUMBER_OBJECT_CONVERSION = YES_AGGRESSIVE;
				CLANG_CXX_LANGUAGE_STANDARD = "gnu++14";
				CLANG_CXX_LIBRARY = "libc++";
				CLANG_ENABLE_MODULES = YES;
				CLANG_ENABLE_OBJC_ARC = YES;
				CLANG_ENABLE_OBJC_WEAK = YES;
				CLANG_WARN_BLOCK_CAPTURE_AUTORELEASING = YES;
				CLANG_WARN_BOOL_CONVERSION = YES;
				CLANG_WARN_COMMA = YES;
				CLANG_WARN_CONSTANT_CONVERSION = YES;
				CLANG_WARN_DEPRECATED_OBJC_IMPLEMENTATIONS = YES;
				CLANG_WARN_DIRECT_OBJC_ISA_USAGE = YES_ERROR;
				CLANG_WARN_DOCUMENTATION_COMMENTS = YES;
				CLANG_WARN_EMPTY_BODY = YES;
				CLANG_WARN_ENUM_CONVERSION = YES;
				CLANG_WARN_INFINITE_RECURSION = YES;
				CLANG_WARN_INT_CONVERSION = YES;
				CLANG_WARN_NON_LITERAL_NULL_CONVERSION = YES;
				CLANG_WARN_OBJC_IMPLICIT_RETAIN_SELF = YES;
				CLANG_WARN_OBJC_LITERAL_CONVERSION = YES;
				CLANG_WARN_OBJC_ROOT_CLASS = YES_ERROR;
				CLANG_WARN_RANGE_LOOP_ANALYSIS = YES;
				CLANG_WARN_STRICT_PROTOTYPES = YES;
				CLANG_WARN_SUSPICIOUS_MOVE = YES;
				CLANG_WARN_UNGUARDED_AVAILABILITY = YES_AGGRESSIVE;
				CLANG_WARN_UNREACHABLE_CODE = YES;
				CLANG_WARN__DUPLICATE_METHOD_MATCH = YES;
				CODE_SIGN_IDENTITY = "iPhone Developer";
				COPY_PHASE_STRIP = NO;
				DEBUG_INFORMATION_FORMAT = "dwarf-with-dsym";
				ENABLE_NS_ASSERTIONS = NO;
				ENABLE_STRICT_OBJC_MSGSEND = YES;
				GCC_C_LANGUAGE_STANDARD = gnu11;
				GCC_NO_COMMON_BLOCKS = YES;
				GCC_WARN_64_TO_32_BIT_CONVERSION = YES;
				GCC_WARN_ABOUT_RETURN_TYPE = YES_ERROR;
				GCC_WARN_UNDECLARED_SELECTOR = YES;
				GCC_WARN_UNINITIALIZED_AUTOS = YES_AGGRESSIVE;
				GCC_WARN_UNUSED_FUNCTION = YES;
				GCC_WARN_UNUSED_VARIABLE = YES;
				IPHONEOS_DEPLOYMENT_TARGET = 12.1;
				MTL_ENABLE_DEBUG_INFO = NO;
				MTL_FAST_MATH = YES;
				SDKROOT = iphoneos;
				SWIFT_COMPILATION_MODE = wholemodule;
				SWIFT_OPTIMIZATION_LEVEL = "-O";
				VALIDATE_PRODUCT = YES;
			};
			name = Release;
		};
		D169DF8D225B1DFA00410779 /* Debug */ = {
			isa = XCBuildConfiguration;
			baseConfigurationReference = 37853FDA3B2115EE938B0EFD /* Pods-OneWorldRadio.debug.xcconfig */;
			buildSettings = {
				ASSETCATALOG_COMPILER_APPICON_NAME = AppIcon;
				CODE_SIGN_STYLE = Automatic;
				DEVELOPMENT_TEAM = Q8K5LFSE6P;
				INFOPLIST_FILE = OneWorldRadio/Info.plist;
				LD_RUNPATH_SEARCH_PATHS = (
					"$(inherited)",
					"@executable_path/Frameworks",
				);
				PRODUCT_BUNDLE_IDENTIFIER = com.affinne.oneworldradio.SignalRadio;
				PRODUCT_NAME = "$(TARGET_NAME)";
				SWIFT_VERSION = 4.2;
				TARGETED_DEVICE_FAMILY = 1;
			};
			name = Debug;
		};
		D169DF8E225B1DFA00410779 /* Release */ = {
			isa = XCBuildConfiguration;
			baseConfigurationReference = F1856957668217D6E7846805 /* Pods-OneWorldRadio.release.xcconfig */;
			buildSettings = {
				ASSETCATALOG_COMPILER_APPICON_NAME = AppIcon;
				CODE_SIGN_STYLE = Automatic;
				DEVELOPMENT_TEAM = Q8K5LFSE6P;
				INFOPLIST_FILE = OneWorldRadio/Info.plist;
				LD_RUNPATH_SEARCH_PATHS = (
					"$(inherited)",
					"@executable_path/Frameworks",
				);
				PRODUCT_BUNDLE_IDENTIFIER = com.affinne.oneworldradio.SignalRadio;
				PRODUCT_NAME = "$(TARGET_NAME)";
				SWIFT_VERSION = 4.2;
				TARGETED_DEVICE_FAMILY = 1;
			};
			name = Release;
		};
		D169DF90225B1DFA00410779 /* Debug */ = {
			isa = XCBuildConfiguration;
			baseConfigurationReference = 59D772301580F6AAD17D82B3 /* Pods-OneWorldRadioTests.debug.xcconfig */;
			buildSettings = {
				ALWAYS_EMBED_SWIFT_STANDARD_LIBRARIES = YES;
				BUNDLE_LOADER = "$(TEST_HOST)";
				CODE_SIGN_STYLE = Automatic;
				DEVELOPMENT_TEAM = Q8K5LFSE6P;
				INFOPLIST_FILE = OneWorldRadioTests/Info.plist;
				LD_RUNPATH_SEARCH_PATHS = (
					"$(inherited)",
					"@executable_path/Frameworks",
					"@loader_path/Frameworks",
				);
				PRODUCT_BUNDLE_IDENTIFIER = com.affinne.oneworldradio.OneWorldRadioTests;
				PRODUCT_NAME = "$(TARGET_NAME)";
				SWIFT_VERSION = 4.2;
				TARGETED_DEVICE_FAMILY = "1,2";
				TEST_HOST = "$(BUILT_PRODUCTS_DIR)/OneWorldRadio.app/OneWorldRadio";
			};
			name = Debug;
		};
		D169DF91225B1DFA00410779 /* Release */ = {
			isa = XCBuildConfiguration;
			baseConfigurationReference = BFBBA0A7A960E0D7BC6F0A4F /* Pods-OneWorldRadioTests.release.xcconfig */;
			buildSettings = {
				ALWAYS_EMBED_SWIFT_STANDARD_LIBRARIES = YES;
				BUNDLE_LOADER = "$(TEST_HOST)";
				CODE_SIGN_STYLE = Automatic;
				DEVELOPMENT_TEAM = Q8K5LFSE6P;
				INFOPLIST_FILE = OneWorldRadioTests/Info.plist;
				LD_RUNPATH_SEARCH_PATHS = (
					"$(inherited)",
					"@executable_path/Frameworks",
					"@loader_path/Frameworks",
				);
				PRODUCT_BUNDLE_IDENTIFIER = com.affinne.oneworldradio.OneWorldRadioTests;
				PRODUCT_NAME = "$(TARGET_NAME)";
				SWIFT_VERSION = 4.2;
				TARGETED_DEVICE_FAMILY = "1,2";
				TEST_HOST = "$(BUILT_PRODUCTS_DIR)/OneWorldRadio.app/OneWorldRadio";
			};
			name = Release;
		};
		D169DF93225B1DFA00410779 /* Debug */ = {
			isa = XCBuildConfiguration;
			baseConfigurationReference = 44CAAC7D074C3169DB1C8EA6 /* Pods-OneWorldRadioUITests.debug.xcconfig */;
			buildSettings = {
				ALWAYS_EMBED_SWIFT_STANDARD_LIBRARIES = YES;
				CODE_SIGN_STYLE = Automatic;
				DEVELOPMENT_TEAM = Q8K5LFSE6P;
				INFOPLIST_FILE = OneWorldRadioUITests/Info.plist;
				LD_RUNPATH_SEARCH_PATHS = (
					"$(inherited)",
					"@executable_path/Frameworks",
					"@loader_path/Frameworks",
				);
				PRODUCT_BUNDLE_IDENTIFIER = com.affinne.oneworldradio.OneWorldRadioUITests;
				PRODUCT_NAME = "$(TARGET_NAME)";
				SWIFT_VERSION = 4.2;
				TARGETED_DEVICE_FAMILY = "1,2";
				TEST_TARGET_NAME = OneWorldRadio;
			};
			name = Debug;
		};
		D169DF94225B1DFA00410779 /* Release */ = {
			isa = XCBuildConfiguration;
			baseConfigurationReference = 136B0468C36D8E5D31BC7AF7 /* Pods-OneWorldRadioUITests.release.xcconfig */;
			buildSettings = {
				ALWAYS_EMBED_SWIFT_STANDARD_LIBRARIES = YES;
				CODE_SIGN_STYLE = Automatic;
				DEVELOPMENT_TEAM = Q8K5LFSE6P;
				INFOPLIST_FILE = OneWorldRadioUITests/Info.plist;
				LD_RUNPATH_SEARCH_PATHS = (
					"$(inherited)",
					"@executable_path/Frameworks",
					"@loader_path/Frameworks",
				);
				PRODUCT_BUNDLE_IDENTIFIER = com.affinne.oneworldradio.OneWorldRadioUITests;
				PRODUCT_NAME = "$(TARGET_NAME)";
				SWIFT_VERSION = 4.2;
				TARGETED_DEVICE_FAMILY = "1,2";
				TEST_TARGET_NAME = OneWorldRadio;
			};
			name = Release;
		};
/* End XCBuildConfiguration section */

/* Begin XCConfigurationList section */
		D169DF5F225B1DF900410779 /* Build configuration list for PBXProject "OneWorldRadio" */ = {
			isa = XCConfigurationList;
			buildConfigurations = (
				D169DF8A225B1DFA00410779 /* Debug */,
				D169DF8B225B1DFA00410779 /* Release */,
			);
			defaultConfigurationIsVisible = 0;
			defaultConfigurationName = Release;
		};
		D169DF8C225B1DFA00410779 /* Build configuration list for PBXNativeTarget "OneWorldRadio" */ = {
			isa = XCConfigurationList;
			buildConfigurations = (
				D169DF8D225B1DFA00410779 /* Debug */,
				D169DF8E225B1DFA00410779 /* Release */,
			);
			defaultConfigurationIsVisible = 0;
			defaultConfigurationName = Release;
		};
		D169DF8F225B1DFA00410779 /* Build configuration list for PBXNativeTarget "OneWorldRadioTests" */ = {
			isa = XCConfigurationList;
			buildConfigurations = (
				D169DF90225B1DFA00410779 /* Debug */,
				D169DF91225B1DFA00410779 /* Release */,
			);
			defaultConfigurationIsVisible = 0;
			defaultConfigurationName = Release;
		};
		D169DF92225B1DFA00410779 /* Build configuration list for PBXNativeTarget "OneWorldRadioUITests" */ = {
			isa = XCConfigurationList;
			buildConfigurations = (
				D169DF93225B1DFA00410779 /* Debug */,
				D169DF94225B1DFA00410779 /* Release */,
			);
			defaultConfigurationIsVisible = 0;
			defaultConfigurationName = Release;
		};
/* End XCConfigurationList section */
	};
	rootObject = D169DF5C225B1DF900410779 /* Project object */;
}
